# This file was autogenerated by Stack.
# You should not edit this file by hand.
# For more information, please see the documentation at:
#   https://docs.haskellstack.org/en/stable/lock_files

packages:
- completed:
    hackage: patch-0.0.8.2@sha256:629479fb09e451570d4f7b2f581c37b16cb5ff131881f632138a199d8dcfe794,3338
    pantry-tree:
      sha256: f39897e2021c8207dc02341d54c8ea2720a0ae98a1e8e6f82a8d894f4e2cb959
      size: 1179
  original:
    hackage: patch-0.0.8.2
- completed:
    hackage: commutative-semigroups-0.1.0.1@sha256:1d08a56dee1822cbeb3b0d670acd89da83d3ebdb0c15a8d3a45af8c599de3f2f,1106
    pantry-tree:
      sha256: 442a31462b71e55e23bef2e35534595cffc7dc3c7827b97c9ed8e09b2cdc9cd0
      size: 416
  original:
    hackage: commutative-semigroups-0.1.0.1
snapshots:
- completed:
    sha256: 4c972e067bae16b95961dbfdd12e07f1ee6c8fffabbfa05c3d65100b03f548b7
    size: 650253
    url: https://raw.githubusercontent.com/commercialhaskell/stackage-snapshots/master/lts/20/23.yaml
  original: lts-20.23
